
Microsoft Visual Studio Solution File, Format Version 12.00
# Visual Studio 2013
VisualStudioVersion = 12.0.21005.1
MinimumVisualStudioVersion = 10.0.40219.1
Project("{FAE04EC0-301F-11D3-BF4B-00C04F79EFBC}") = "TestConsole", "TestConsole\TestConsole.csproj", "{84C5E94A-C772-4359-9512-2F158E72D9D0}"
EndProject
Project("{FAE04EC0-301F-11D3-BF4B-00C04F79EFBC}") = "TestConsoleUnitTest", "TestConsoleUnitTest\TestConsoleUnitTest.csproj", "{1C916321-0F16-4EF6-ABD9-8C6061247654}"
EndProject
Project("{FAE04EC0-301F-11D3-BF4B-00C04F79EFBC}") = "TestWindowsApplication", "TestWindowsApplication\TestWindowsApplication.csproj", "{79ABA065-EEF2-496F-AED2-AE9305EF44D1}"
EndProject
Global
	GlobalSection(SolutionConfigurationPlatforms) = preSolution
		Debug|Any CPU = Debug|Any CPU
		Release|Any CPU = Release|Any CPU
	EndGlobalSection
	GlobalSection(ProjectConfigurationPlatforms) = postSolution
		{84C5E94A-C772-4359-9512-2F158E72D9D0}.Debug|Any CPU.ActiveCfg = Debug|Any CPU
		{84C5E94A-C772-4359-9512-2F158E72D9D0}.Debug|Any CPU.Build.0 = Debug|Any CPU
		{84C5E94A-C772-4359-9512-2F158E72D9D0}.Release|Any CPU.ActiveCfg = Release|Any CPU
		{84C5E94A-C772-4359-9512-2F158E72D9D0}.Release|Any CPU.Build.0 = Release|Any CPU
		{1C916321-0F16-4EF6-ABD9-8C6061247654}.Debug|Any CPU.ActiveCfg = Debug|Any CPU
		{1C916321-0F16-4EF6-ABD9-8C6061247654}.Debug|Any CPU.Build.0 = Debug|Any CPU
		{1C916321-0F16-4EF6-ABD9-8C6061247654}.Release|Any CPU.ActiveCfg = Release|Any CPU
		{1C916321-0F16-4EF6-ABD9-8C6061247654}.Release|Any CPU.Build.0 = Release|Any CPU
		{79ABA065-EEF2-496F-AED2-AE9305EF44D1}.Debug|Any CPU.ActiveCfg = Debug|Any CPU
		{79ABA065-EEF2-496F-AED2-AE9305EF44D1}.Debug|Any CPU.Build.0 = Debug|Any CPU
		{79ABA065-EEF2-496F-AED2-AE9305EF44D1}.Release|Any CPU.ActiveCfg = Release|Any CPU
		{79ABA065-EEF2-496F-AED2-AE9305EF44D1}.Release|Any CPU.Build.0 = Release|Any CPU
	EndGlobalSection
	GlobalSection(SolutionProperties) = preSolution
		HideSolutionNode = FALSE
	EndGlobalSection
EndGlobal
